
Microsoft Visual Studio Solution File, Format Version 12.00
# Visual Studio Version 17
VisualStudioVersion = 17.13.35931.197 d17.13
MinimumVisualStudioVersion = 10.0.40219.1
Project("{FAE04EC0-301F-11D3-BF4B-00C04F79EFBC}") = "WITPKNMBlazor", "WITPKNMBlazor.csproj", "{2F8B907D-855C-431D-A504-B2A6A293448C}"
EndProject
Global
	GlobalSection(SolutionConfigurationPlatforms) = preSolution
		Debug|Any CPU = Debug|Any CPU
		Release|Any CPU = Release|Any CPU
	EndGlobalSection
	GlobalSection(ProjectConfigurationPlatforms) = postSolution
		{2F8B907D-855C-431D-A504-B2A6A293448C}.Debug|Any CPU.ActiveCfg = Debug|Any CPU
		{2F8B907D-855C-431D-A504-B2A6A293448C}.Debug|Any CPU.Build.0 = Debug|Any CPU
		{2F8B907D-855C-431D-A504-B2A6A293448C}.Release|Any CPU.ActiveCfg = Release|Any CPU
		{2F8B907D-855C-431D-A504-B2A6A293448C}.Release|Any CPU.Build.0 = Release|Any CPU
	EndGlobalSection
	GlobalSection(SolutionProperties) = preSolution
		HideSolutionNode = FALSE
	EndGlobalSection
	GlobalSection(ExtensibilityGlobals) = postSolution
		SolutionGuid = {29D419A6-C2B0-4192-8BB9-B7B23403DEF4}
	EndGlobalSection
EndGlobal
